
Microsoft Visual Studio Solution File, Format Version 12.00
# Visual Studio Version 17
VisualStudioVersion = 17.3.32901.215
MinimumVisualStudioVersion = 10.0.40219.1
Project("{8BC9CEB8-8B4A-11D0-8D11-00A0C91BC942}") = "SipClient", "SipClient\SipClient.vcxproj", "{F288F34C-B848-415B-A415-F1F308E777C6}"
EndProject
Project("{2150E333-8FDC-42A3-9474-1A3956D46DE8}") = "Config", "Config", "{9F5EFC7A-7D53-408E-80C8-45D0EBC319E0}"
	ProjectSection(SolutionItems) = preProject
		Install.md = Install.md
		SipClient\README.md = SipClient\README.md
		README.md = README.md
		release\windows\Debug\server.xml = release\windows\Debug\server.xml
	EndProjectSection
EndProject
Project("{8BC9CEB8-8B4A-11D0-8D11-00A0C91BC942}") = "base", "base\base.vcxproj", "{8D9A6595-717A-41C8-B468-0011A72BE3D1}"
EndProject
Project("{8BC9CEB8-8B4A-11D0-8D11-00A0C91BC942}") = "SipService", "SipService\SipService.vcxproj", "{82CF9D1A-A13A-4EDA-A85E-1D49BE718048}"
EndProject
Project("{8BC9CEB8-8B4A-11D0-8D11-00A0C91BC942}") = "Test", "Test\Test.vcxproj", "{C3F99313-7B3C-4F4D-86A7-69A57B867D35}"
EndProject
Project("{8BC9CEB8-8B4A-11D0-8D11-00A0C91BC942}") = "eXosip", "libexosip2-5.3.0\exosip\platform\vsnet\eXosip.vcxproj", "{4EA67539-9EE9-4065-BD39-87E517FD8262}"
EndProject
Project("{8BC9CEB8-8B4A-11D0-8D11-00A0C91BC942}") = "libcares", "libexosip2-5.3.0\exosip\platform\vsnet\libcares.vcxproj", "{6BCE0E64-5A72-4243-B385-88E62C8E398A}"
EndProject
Project("{8BC9CEB8-8B4A-11D0-8D11-00A0C91BC942}") = "osip2", "libexosip2-5.3.0\osip\platform\vsnet\osip2.vcxproj", "{85255507-5D16-4218-85E2-F683BB2F04DA}"
EndProject
Project("{8BC9CEB8-8B4A-11D0-8D11-00A0C91BC942}") = "osipparser2", "libexosip2-5.3.0\osip\platform\vsnet\osipparser2.vcxproj", "{44F46B7E-0E51-4304-9735-330DFBAB41E5}"
EndProject
Project("{2150E333-8FDC-42A3-9474-1A3956D46DE8}") = "sip", "sip", "{74993207-B82A-4990-B0F3-BDB490A3132B}"
EndProject
Global
	GlobalSection(SolutionConfigurationPlatforms) = preSolution
		Debug|x64 = Debug|x64
		Debug|x86 = Debug|x86
		Release|x64 = Release|x64
		Release|x86 = Release|x86
	EndGlobalSection
	GlobalSection(ProjectConfigurationPlatforms) = postSolution
		{F288F34C-B848-415B-A415-F1F308E777C6}.Debug|x64.ActiveCfg = Debug|x64
		{F288F34C-B848-415B-A415-F1F308E777C6}.Debug|x64.Build.0 = Debug|x64
		{F288F34C-B848-415B-A415-F1F308E777C6}.Debug|x86.ActiveCfg = Debug|Win32
		{F288F34C-B848-415B-A415-F1F308E777C6}.Debug|x86.Build.0 = Debug|Win32
		{F288F34C-B848-415B-A415-F1F308E777C6}.Release|x64.ActiveCfg = Release|x64
		{F288F34C-B848-415B-A415-F1F308E777C6}.Release|x64.Build.0 = Release|x64
		{F288F34C-B848-415B-A415-F1F308E777C6}.Release|x86.ActiveCfg = Release|Win32
		{F288F34C-B848-415B-A415-F1F308E777C6}.Release|x86.Build.0 = Release|Win32
		{8D9A6595-717A-41C8-B468-0011A72BE3D1}.Debug|x64.ActiveCfg = Debug|x64
		{8D9A6595-717A-41C8-B468-0011A72BE3D1}.Debug|x64.Build.0 = Debug|x64
		{8D9A6595-717A-41C8-B468-0011A72BE3D1}.Debug|x86.ActiveCfg = Debug|Win32
		{8D9A6595-717A-41C8-B468-0011A72BE3D1}.Debug|x86.Build.0 = Debug|Win32
		{8D9A6595-717A-41C8-B468-0011A72BE3D1}.Release|x64.ActiveCfg = Release|x64
		{8D9A6595-717A-41C8-B468-0011A72BE3D1}.Release|x64.Build.0 = Release|x64
		{8D9A6595-717A-41C8-B468-0011A72BE3D1}.Release|x86.ActiveCfg = Release|Win32
		{8D9A6595-717A-41C8-B468-0011A72BE3D1}.Release|x86.Build.0 = Release|Win32
		{82CF9D1A-A13A-4EDA-A85E-1D49BE718048}.Debug|x64.ActiveCfg = Debug|x64
		{82CF9D1A-A13A-4EDA-A85E-1D49BE718048}.Debug|x64.Build.0 = Debug|x64
		{82CF9D1A-A13A-4EDA-A85E-1D49BE718048}.Debug|x86.ActiveCfg = Debug|Win32
		{82CF9D1A-A13A-4EDA-A85E-1D49BE718048}.Debug|x86.Build.0 = Debug|Win32
		{82CF9D1A-A13A-4EDA-A85E-1D49BE718048}.Release|x64.ActiveCfg = Release|x64
		{82CF9D1A-A13A-4EDA-A85E-1D49BE718048}.Release|x64.Build.0 = Release|x64
		{82CF9D1A-A13A-4EDA-A85E-1D49BE718048}.Release|x86.ActiveCfg = Release|Win32
		{82CF9D1A-A13A-4EDA-A85E-1D49BE718048}.Release|x86.Build.0 = Release|Win32
		{C3F99313-7B3C-4F4D-86A7-69A57B867D35}.Debug|x64.ActiveCfg = Debug|x64
		{C3F99313-7B3C-4F4D-86A7-69A57B867D35}.Debug|x64.Build.0 = Debug|x64
		{C3F99313-7B3C-4F4D-86A7-69A57B867D35}.Debug|x86.ActiveCfg = Debug|Win32
		{C3F99313-7B3C-4F4D-86A7-69A57B867D35}.Debug|x86.Build.0 = Debug|Win32
		{C3F99313-7B3C-4F4D-86A7-69A57B867D35}.Release|x64.ActiveCfg = Release|x64
		{C3F99313-7B3C-4F4D-86A7-69A57B867D35}.Release|x64.Build.0 = Release|x64
		{C3F99313-7B3C-4F4D-86A7-69A57B867D35}.Release|x86.ActiveCfg = Release|Win32
		{C3F99313-7B3C-4F4D-86A7-69A57B867D35}.Release|x86.Build.0 = Release|Win32
		{4EA67539-9EE9-4065-BD39-87E517FD8262}.Debug|x64.ActiveCfg = Debug|x64
		{4EA67539-9EE9-4065-BD39-87E517FD8262}.Debug|x64.Build.0 = Debug|x64
		{4EA67539-9EE9-4065-BD39-87E517FD8262}.Debug|x86.ActiveCfg = Debug|Win32
		{4EA67539-9EE9-4065-BD39-87E517FD8262}.Debug|x86.Build.0 = Debug|Win32
		{4EA67539-9EE9-4065-BD39-87E517FD8262}.Release|x64.ActiveCfg = Release|x64
		{4EA67539-9EE9-4065-BD39-87E517FD8262}.Release|x64.Build.0 = Release|x64
		{4EA67539-9EE9-4065-BD39-87E517FD8262}.Release|x86.ActiveCfg = Release|Win32
		{4EA67539-9EE9-4065-BD39-87E517FD8262}.Release|x86.Build.0 = Release|Win32
		{6BCE0E64-5A72-4243-B385-88E62C8E398A}.Debug|x64.ActiveCfg = Debug|x64
		{6BCE0E64-5A72-4243-B385-88E62C8E398A}.Debug|x64.Build.0 = Debug|x64
		{6BCE0E64-5A72-4243-B385-88E62C8E398A}.Debug|x86.ActiveCfg = Debug|Win32
		{6BCE0E64-5A72-4243-B385-88E62C8E398A}.Debug|x86.Build.0 = Debug|Win32
		{6BCE0E64-5A72-4243-B385-88E62C8E398A}.Release|x64.ActiveCfg = Release|x64
		{6BCE0E64-5A72-4243-B385-88E62C8E398A}.Release|x64.Build.0 = Release|x64
		{6BCE0E64-5A72-4243-B385-88E62C8E398A}.Release|x86.ActiveCfg = Release|Win32
		{6BCE0E64-5A72-4243-B385-88E62C8E398A}.Release|x86.Build.0 = Release|Win32
		{85255507-5D16-4218-85E2-F683BB2F04DA}.Debug|x64.ActiveCfg = Debug|x64
		{85255507-5D16-4218-85E2-F683BB2F04DA}.Debug|x64.Build.0 = Debug|x64
		{85255507-5D16-4218-85E2-F683BB2F04DA}.Debug|x86.ActiveCfg = Debug|Win32
		{85255507-5D16-4218-85E2-F683BB2F04DA}.Debug|x86.Build.0 = Debug|Win32
		{85255507-5D16-4218-85E2-F683BB2F04DA}.Release|x64.ActiveCfg = Release|x64
		{85255507-5D16-4218-85E2-F683BB2F04DA}.Release|x64.Build.0 = Release|x64
		{85255507-5D16-4218-85E2-F683BB2F04DA}.Release|x86.ActiveCfg = Release|Win32
		{85255507-5D16-4218-85E2-F683BB2F04DA}.Release|x86.Build.0 = Release|Win32
		{44F46B7E-0E51-4304-9735-330DFBAB41E5}.Debug|x64.ActiveCfg = Debug|x64
		{44F46B7E-0E51-4304-9735-330DFBAB41E5}.Debug|x64.Build.0 = Debug|x64
		{44F46B7E-0E51-4304-9735-330DFBAB41E5}.Debug|x86.ActiveCfg = Debug|Win32
		{44F46B7E-0E51-4304-9735-330DFBAB41E5}.Debug|x86.Build.0 = Debug|Win32
		{44F46B7E-0E51-4304-9735-330DFBAB41E5}.Release|x64.ActiveCfg = Release|x64
		{44F46B7E-0E51-4304-9735-330DFBAB41E5}.Release|x64.Build.0 = Release|x64
		{44F46B7E-0E51-4304-9735-330DFBAB41E5}.Release|x86.ActiveCfg = Release|Win32
		{44F46B7E-0E51-4304-9735-330DFBAB41E5}.Release|x86.Build.0 = Release|Win32
	EndGlobalSection
	GlobalSection(SolutionProperties) = preSolution
		HideSolutionNode = FALSE
	EndGlobalSection
	GlobalSection(NestedProjects) = preSolution
		{4EA67539-9EE9-4065-BD39-87E517FD8262} = {74993207-B82A-4990-B0F3-BDB490A3132B}
		{6BCE0E64-5A72-4243-B385-88E62C8E398A} = {74993207-B82A-4990-B0F3-BDB490A3132B}
		{85255507-5D16-4218-85E2-F683BB2F04DA} = {74993207-B82A-4990-B0F3-BDB490A3132B}
		{44F46B7E-0E51-4304-9735-330DFBAB41E5} = {74993207-B82A-4990-B0F3-BDB490A3132B}
	EndGlobalSection
	GlobalSection(ExtensibilityGlobals) = postSolution
		SolutionGuid = {BD980A7D-63E1-49B7-8292-F36BA8CE7119}
	EndGlobalSection
EndGlobal
