<?xml version="1.0" encoding="utf-8"?>
<Project ToolsVersion="4.0" xmlns="http://schemas.microsoft.com/developer/msbuild/2003">
  <ItemGroup>
    <Filter Include="Header Files">
      <UniqueIdentifier>{93995380-89BD-4b04-88EB-625FBE52EBFB}</UniqueIdentifier>
      <Extensions>h;hpp;hxx;hm;inl;inc;xsd</Extensions>
    </Filter>
    <Filter Include="encrypt">
      <UniqueIdentifier>{204f0949-2ae4-4658-a6f9-bbf5ad75d457}</UniqueIdentifier>
    </Filter>
    <Filter Include="file">
      <UniqueIdentifier>{83ac3967-f616-4b9d-93b8-655e031a4a42}</UniqueIdentifier>
    </Filter>
    <Filter Include="hardware">
      <UniqueIdentifier>{66c26c49-1e2e-444b-a1bc-96558946eb57}</UniqueIdentifier>
    </Filter>
    <Filter Include="memory">
      <UniqueIdentifier>{41e320fc-3c2e-4b37-a52c-16642af9e165}</UniqueIdentifier>
    </Filter>
    <Filter Include="third_party">
      <UniqueIdentifier>{0b952d26-7582-4959-bc92-87c48c117cd7}</UniqueIdentifier>
    </Filter>
    <Filter Include="third_party\convert_utf">
      <UniqueIdentifier>{ea8cdbca-b867-483f-8cff-0e7c9e901ab8}</UniqueIdentifier>
    </Filter>
    <Filter Include="third_party\modp_b64">
      <UniqueIdentifier>{69d641dc-bb35-4439-bd84-5457b897da8d}</UniqueIdentifier>
    </Filter>
    <Filter Include="time">
      <UniqueIdentifier>{356c8fde-63c6-43d0-b973-878660a14638}</UniqueIdentifier>
    </Filter>
    <Filter Include="util">
      <UniqueIdentifier>{be58b19f-6b36-43de-96d7-4620fbd5163f}</UniqueIdentifier>
    </Filter>
    <Filter Include="win32">
      <UniqueIdentifier>{d8d8c2b3-a579-4ef9-826b-3d42d8da2fbf}</UniqueIdentifier>
    </Filter>
    <Filter Include="build">
      <UniqueIdentifier>{81d54a74-a608-47a2-b6da-47a63bc375d9}</UniqueIdentifier>
    </Filter>
    <Filter Include="callback">
      <UniqueIdentifier>{9984baab-b827-45b7-b783-08683bf4e02b}</UniqueIdentifier>
    </Filter>
  </ItemGroup>
  <ItemGroup>
    <ClInclude Include="port.h">
      <Filter>Header Files</Filter>
    </ClInclude>
    <ClInclude Include="encrypt\encrypt.h">
      <Filter>encrypt</Filter>
    </ClInclude>
    <ClInclude Include="encrypt\encrypt_impl.h">
      <Filter>encrypt</Filter>
    </ClInclude>
    <ClInclude Include="file\file_util.h">
      <Filter>file</Filter>
    </ClInclude>
    <ClInclude Include="hardware\cpu.h">
      <Filter>hardware</Filter>
    </ClInclude>
    <ClInclude Include="memory\blockbuffer.h">
      <Filter>memory</Filter>
    </ClInclude>
    <ClInclude Include="memory\lazy_instance.h">
      <Filter>memory</Filter>
    </ClInclude>
    <ClInclude Include="third_party\convert_utf\ConvertUTF.h">
      <Filter>third_party\convert_utf</Filter>
    </ClInclude>
    <ClInclude Include="third_party\modp_b64\modp_b64.h">
      <Filter>third_party\modp_b64</Filter>
    </ClInclude>
    <ClInclude Include="third_party\modp_b64\modp_b64_data.h">
      <Filter>third_party\modp_b64</Filter>
    </ClInclude>
    <ClInclude Include="time\time.h">
      <Filter>time</Filter>
    </ClInclude>
    <ClInclude Include="util\base64.h">
      <Filter>util</Filter>
    </ClInclude>
    <ClInclude Include="util\string_util.h">
      <Filter>util</Filter>
    </ClInclude>
    <ClInclude Include="util\template_util.h">
      <Filter>util</Filter>
    </ClInclude>
    <ClInclude Include="util\valuemap.h">
      <Filter>util</Filter>
    </ClInclude>
    <ClInclude Include="win32\scoped_win_handle.h">
      <Filter>win32</Filter>
    </ClInclude>
    <ClInclude Include="win32\shared_memory.h">
      <Filter>win32</Filter>
    </ClInclude>
    <ClInclude Include="win32\win_util.h">
      <Filter>win32</Filter>
    </ClInclude>
    <ClInclude Include="base_types.h">
      <Filter>Header Files</Filter>
    </ClInclude>
    <ClInclude Include="error.h">
      <Filter>Header Files</Filter>
    </ClInclude>
    <ClInclude Include="macros.h">
      <Filter>Header Files</Filter>
    </ClInclude>
    <ClInclude Include="win32\path_util.h">
      <Filter>win32</Filter>
    </ClInclude>
    <ClInclude Include="win32\security_util.h">
      <Filter>win32</Filter>
    </ClInclude>
    <ClInclude Include="util\string_number_conversions.h">
      <Filter>util</Filter>
    </ClInclude>
    <ClInclude Include="win32\platform_string_util.h">
      <Filter>win32</Filter>
    </ClInclude>
    <ClInclude Include="file\file_path.h">
      <Filter>file</Filter>
    </ClInclude>
    <ClInclude Include="util\unicode.h">
      <Filter>util</Filter>
    </ClInclude>
    <ClInclude Include="memory\singleton.h">
      <Filter>memory</Filter>
    </ClInclude>
    <ClInclude Include="encrypt\des.h">
      <Filter>encrypt</Filter>
    </ClInclude>
    <ClInclude Include="memory\deleter.h">
      <Filter>memory</Filter>
    </ClInclude>
    <ClInclude Include="callback\callback.h">
      <Filter>callback</Filter>
    </ClInclude>
    <ClInclude Include="base.h">
      <Filter>Header Files</Filter>
    </ClInclude>
    <ClInclude Include="base_config.h">
      <Filter>build</Filter>
    </ClInclude>
  </ItemGroup>
  <ItemGroup>
    <ClCompile Include="file\file_util.cpp">
      <Filter>file</Filter>
    </ClCompile>
    <ClCompile Include="file\file_util_posix.cpp">
      <Filter>file</Filter>
    </ClCompile>
    <ClCompile Include="file\file_util_win.cpp">
      <Filter>file</Filter>
    </ClCompile>
    <ClCompile Include="hardware\cpu.cpp">
      <Filter>hardware</Filter>
    </ClCompile>
    <ClCompile Include="third_party\convert_utf\ConvertUTF.c">
      <Filter>third_party\convert_utf</Filter>
    </ClCompile>
    <ClCompile Include="third_party\modp_b64\modp_b64.cc">
      <Filter>third_party\modp_b64</Filter>
    </ClCompile>
    <ClCompile Include="time\time.cpp">
      <Filter>time</Filter>
    </ClCompile>
    <ClCompile Include="time\time_posix.cpp">
      <Filter>time</Filter>
    </ClCompile>
    <ClCompile Include="time\time_win.cpp">
      <Filter>time</Filter>
    </ClCompile>
    <ClCompile Include="util\base64.cpp">
      <Filter>util</Filter>
    </ClCompile>
    <ClCompile Include="util\string_util.cpp">
      <Filter>util</Filter>
    </ClCompile>
    <ClCompile Include="win32\shared_memory.cpp">
      <Filter>win32</Filter>
    </ClCompile>
    <ClCompile Include="win32\win_util.cpp">
      <Filter>win32</Filter>
    </ClCompile>
    <ClCompile Include="win32\path_util.cpp">
      <Filter>win32</Filter>
    </ClCompile>
    <ClCompile Include="win32\security_util.cpp">
      <Filter>win32</Filter>
    </ClCompile>
    <ClCompile Include="util\string_number_conversions.cpp">
      <Filter>util</Filter>
    </ClCompile>
    <ClCompile Include="win32\platform_string_util.cpp">
      <Filter>win32</Filter>
    </ClCompile>
    <ClCompile Include="encrypt\des.cpp">
      <Filter>encrypt</Filter>
    </ClCompile>
  </ItemGroup>
</Project>